
Microsoft Visual Studio Solution File, Format Version 12.00
# Visual Studio 15
VisualStudioVersion = 15.0.28010.2003
MinimumVisualStudioVersion = 10.0.40219.1
Project("{FAE04EC0-301F-11D3-BF4B-00C04F79EFBC}") = "ConsoleApp3", "ConsoleApp3\ConsoleApp3.csproj", "{DFC9D680-EC3B-4BBB-BEBA-D6E0AE405CDE}"
EndProject
Global
	GlobalSection(SolutionConfigurationPlatforms) = preSolution
		Debug|Any CPU = Debug|Any CPU
		Release|Any CPU = Release|Any CPU
	EndGlobalSection
	GlobalSection(ProjectConfigurationPlatforms) = postSolution
		{DFC9D680-EC3B-4BBB-BEBA-D6E0AE405CDE}.Debug|Any CPU.ActiveCfg = Debug|Any CPU
		{DFC9D680-EC3B-4BBB-BEBA-D6E0AE405CDE}.Debug|Any CPU.Build.0 = Debug|Any CPU
		{DFC9D680-EC3B-4BBB-BEBA-D6E0AE405CDE}.Release|Any CPU.ActiveCfg = Release|Any CPU
		{DFC9D680-EC3B-4BBB-BEBA-D6E0AE405CDE}.Release|Any CPU.Build.0 = Release|Any CPU
	EndGlobalSection
	GlobalSection(SolutionProperties) = preSolution
		HideSolutionNode = FALSE
	EndGlobalSection
	GlobalSection(ExtensibilityGlobals) = postSolution
		SolutionGuid = {49E2AFB7-DEC1-429E-87DF-C338B147CFB9}
	EndGlobalSection
EndGlobal
