
Microsoft Visual Studio Solution File, Format Version 12.00
# Visual Studio 15
VisualStudioVersion = 15.0.28010.2003
MinimumVisualStudioVersion = 10.0.40219.1
Project("{FAE04EC0-301F-11D3-BF4B-00C04F79EFBC}") = "IntroRecapVersion3", "IntroRecapVersion3\IntroRecapVersion3.csproj", "{4B25F619-9AAB-42E5-BB1B-E90D972BE46E}"
EndProject
Global
	GlobalSection(SolutionConfigurationPlatforms) = preSolution
		Debug|Any CPU = Debug|Any CPU
		Release|Any CPU = Release|Any CPU
	EndGlobalSection
	GlobalSection(ProjectConfigurationPlatforms) = postSolution
		{4B25F619-9AAB-42E5-BB1B-E90D972BE46E}.Debug|Any CPU.ActiveCfg = Debug|Any CPU
		{4B25F619-9AAB-42E5-BB1B-E90D972BE46E}.Debug|Any CPU.Build.0 = Debug|Any CPU
		{4B25F619-9AAB-42E5-BB1B-E90D972BE46E}.Release|Any CPU.ActiveCfg = Release|Any CPU
		{4B25F619-9AAB-42E5-BB1B-E90D972BE46E}.Release|Any CPU.Build.0 = Release|Any CPU
	EndGlobalSection
	GlobalSection(SolutionProperties) = preSolution
		HideSolutionNode = FALSE
	EndGlobalSection
	GlobalSection(ExtensibilityGlobals) = postSolution
		SolutionGuid = {5E970010-BD18-4CF3-A688-E300C1DA7A71}
	EndGlobalSection
EndGlobal
