
Microsoft Visual Studio Solution File, Format Version 12.00
# Visual Studio 15
VisualStudioVersion = 15.0.28010.2003
MinimumVisualStudioVersion = 10.0.40219.1
Project("{FAE04EC0-301F-11D3-BF4B-00C04F79EFBC}") = "RollerCoaster", "RollerCoaster\RollerCoaster.csproj", "{E78466A8-28BF-4439-A8FF-E6D1CA24663F}"
EndProject
Global
	GlobalSection(SolutionConfigurationPlatforms) = preSolution
		Debug|Any CPU = Debug|Any CPU
		Release|Any CPU = Release|Any CPU
	EndGlobalSection
	GlobalSection(ProjectConfigurationPlatforms) = postSolution
		{E78466A8-28BF-4439-A8FF-E6D1CA24663F}.Debug|Any CPU.ActiveCfg = Debug|Any CPU
		{E78466A8-28BF-4439-A8FF-E6D1CA24663F}.Debug|Any CPU.Build.0 = Debug|Any CPU
		{E78466A8-28BF-4439-A8FF-E6D1CA24663F}.Release|Any CPU.ActiveCfg = Release|Any CPU
		{E78466A8-28BF-4439-A8FF-E6D1CA24663F}.Release|Any CPU.Build.0 = Release|Any CPU
	EndGlobalSection
	GlobalSection(SolutionProperties) = preSolution
		HideSolutionNode = FALSE
	EndGlobalSection
	GlobalSection(ExtensibilityGlobals) = postSolution
		SolutionGuid = {472BEF07-3417-4A97-8A83-62F463E63D95}
	EndGlobalSection
EndGlobal
