
Microsoft Visual Studio Solution File, Format Version 12.00
# Visual Studio 15
VisualStudioVersion = 15.0.28010.2003
MinimumVisualStudioVersion = 10.0.40219.1
Project("{FAE04EC0-301F-11D3-BF4B-00C04F79EFBC}") = "Lists", "Lists\Lists.csproj", "{A3F2E380-CD36-4B32-8950-AC638FFB0844}"
EndProject
Global
	GlobalSection(SolutionConfigurationPlatforms) = preSolution
		Debug|Any CPU = Debug|Any CPU
		Release|Any CPU = Release|Any CPU
	EndGlobalSection
	GlobalSection(ProjectConfigurationPlatforms) = postSolution
		{A3F2E380-CD36-4B32-8950-AC638FFB0844}.Debug|Any CPU.ActiveCfg = Debug|Any CPU
		{A3F2E380-CD36-4B32-8950-AC638FFB0844}.Debug|Any CPU.Build.0 = Debug|Any CPU
		{A3F2E380-CD36-4B32-8950-AC638FFB0844}.Release|Any CPU.ActiveCfg = Release|Any CPU
		{A3F2E380-CD36-4B32-8950-AC638FFB0844}.Release|Any CPU.Build.0 = Release|Any CPU
	EndGlobalSection
	GlobalSection(SolutionProperties) = preSolution
		HideSolutionNode = FALSE
	EndGlobalSection
	GlobalSection(ExtensibilityGlobals) = postSolution
		SolutionGuid = {73F518CE-3C8C-4D89-A922-A0135BFD8A23}
	EndGlobalSection
EndGlobal
