
Microsoft Visual Studio Solution File, Format Version 12.00
# Visual Studio 15
VisualStudioVersion = 15.0.28010.2003
MinimumVisualStudioVersion = 10.0.40219.1
Project("{FAE04EC0-301F-11D3-BF4B-00C04F79EFBC}") = "Decoder", "Decoder\Decoder.csproj", "{7139A1BB-F715-4F64-AB68-E254EAD58095}"
EndProject
Global
	GlobalSection(SolutionConfigurationPlatforms) = preSolution
		Debug|Any CPU = Debug|Any CPU
		Release|Any CPU = Release|Any CPU
	EndGlobalSection
	GlobalSection(ProjectConfigurationPlatforms) = postSolution
		{7139A1BB-F715-4F64-AB68-E254EAD58095}.Debug|Any CPU.ActiveCfg = Debug|Any CPU
		{7139A1BB-F715-4F64-AB68-E254EAD58095}.Debug|Any CPU.Build.0 = Debug|Any CPU
		{7139A1BB-F715-4F64-AB68-E254EAD58095}.Release|Any CPU.ActiveCfg = Release|Any CPU
		{7139A1BB-F715-4F64-AB68-E254EAD58095}.Release|Any CPU.Build.0 = Release|Any CPU
	EndGlobalSection
	GlobalSection(SolutionProperties) = preSolution
		HideSolutionNode = FALSE
	EndGlobalSection
	GlobalSection(ExtensibilityGlobals) = postSolution
		SolutionGuid = {8E8E2952-3750-4183-9C7F-BE24D88A665B}
	EndGlobalSection
EndGlobal
