
Microsoft Visual Studio Solution File, Format Version 12.00
# Visual Studio 15
VisualStudioVersion = 15.0.28010.2003
MinimumVisualStudioVersion = 10.0.40219.1
Project("{FAE04EC0-301F-11D3-BF4B-00C04F79EFBC}") = "StringSPLOTION", "StringSPLOTION\StringSPLOTION.csproj", "{37957A37-3E14-4F64-A1F0-B50D2108928D}"
EndProject
Global
	GlobalSection(SolutionConfigurationPlatforms) = preSolution
		Debug|Any CPU = Debug|Any CPU
		Release|Any CPU = Release|Any CPU
	EndGlobalSection
	GlobalSection(ProjectConfigurationPlatforms) = postSolution
		{37957A37-3E14-4F64-A1F0-B50D2108928D}.Debug|Any CPU.ActiveCfg = Debug|Any CPU
		{37957A37-3E14-4F64-A1F0-B50D2108928D}.Debug|Any CPU.Build.0 = Debug|Any CPU
		{37957A37-3E14-4F64-A1F0-B50D2108928D}.Release|Any CPU.ActiveCfg = Release|Any CPU
		{37957A37-3E14-4F64-A1F0-B50D2108928D}.Release|Any CPU.Build.0 = Release|Any CPU
	EndGlobalSection
	GlobalSection(SolutionProperties) = preSolution
		HideSolutionNode = FALSE
	EndGlobalSection
	GlobalSection(ExtensibilityGlobals) = postSolution
		SolutionGuid = {D3C00266-680E-439F-8217-B30816D2E25D}
	EndGlobalSection
EndGlobal
